
Microsoft Visual Studio Solution File, Format Version 12.00
# Visual Studio 15
VisualStudioVersion = 15.0.28307.271
MinimumVisualStudioVersion = 10.0.40219.1
Project("{8BC9CEB8-8B4A-11D0-8D11-00A0C91BC942}") = "topographer", "topographer\vs\topographer.vcxproj", "{F082E59C-DF51-420E-813A-4D14BE5FB7DC}"
EndProject
Global
	GlobalSection(SolutionConfigurationPlatforms) = preSolution
		Debug|x64 = Debug|x64
		Debug|x86 = Debug|x86
		Release|x64 = Release|x64
		Release|x86 = Release|x86
	EndGlobalSection
	GlobalSection(ProjectConfigurationPlatforms) = postSolution
		{F082E59C-DF51-420E-813A-4D14BE5FB7DC}.Debug|x64.ActiveCfg = Debug|x64
		{F082E59C-DF51-420E-813A-4D14BE5FB7DC}.Debug|x64.Build.0 = Debug|x64
		{F082E59C-DF51-420E-813A-4D14BE5FB7DC}.Debug|x86.ActiveCfg = Debug|Win32
		{F082E59C-DF51-420E-813A-4D14BE5FB7DC}.Debug|x86.Build.0 = Debug|Win32
		{F082E59C-DF51-420E-813A-4D14BE5FB7DC}.Release|x64.ActiveCfg = Release|x64
		{F082E59C-DF51-420E-813A-4D14BE5FB7DC}.Release|x64.Build.0 = Release|x64
		{F082E59C-DF51-420E-813A-4D14BE5FB7DC}.Release|x86.ActiveCfg = Release|Win32
		{F082E59C-DF51-420E-813A-4D14BE5FB7DC}.Release|x86.Build.0 = Release|Win32
	EndGlobalSection
	GlobalSection(SolutionProperties) = preSolution
		HideSolutionNode = FALSE
	EndGlobalSection
	GlobalSection(ExtensibilityGlobals) = postSolution
		SolutionGuid = {655B5130-9317-427A-ACFB-B5482FAF4455}
	EndGlobalSection
EndGlobal
